// !$*UTF8*$!
{
	archiveVersion = 1;
	classes = {
	};
	objectVersion = 50;
	objects = {

/* Begin PBXBuildFile section */
		AA2A708B253E382D0006DE1B /* AppDelegate.swift in Sources */ = {isa = PBXBuildFile; fileRef = AA2A708A253E382D0006DE1B /* AppDelegate.swift */; };
		AA2A708D253E382D0006DE1B /* SceneDelegate.swift in Sources */ = {isa = PBXBuildFile; fileRef = AA2A708C253E382D0006DE1B /* SceneDelegate.swift */; };
		AA2A708F253E382D0006DE1B /* ViewController.swift in Sources */ = {isa = PBXBuildFile; fileRef = AA2A708E253E382D0006DE1B /* ViewController.swift */; };
		AA2A7092253E382D0006DE1B /* Main.storyboard in Resources */ = {isa = PBXBuildFile; fileRef = AA2A7090253E382D0006DE1B /* Main.storyboard */; };
		AA2A7094253E38300006DE1B /* Assets.xcassets in Resources */ = {isa = PBXBuildFile; fileRef = AA2A7093253E38300006DE1B /* Assets.xcassets */; };
		AA2A7097253E38300006DE1B /* LaunchScreen.storyboard in Resources */ = {isa = PBXBuildFile; fileRef = AA2A7095253E38300006DE1B /* LaunchScreen.storyboard */; };
		AA2A70A1253E407E0006DE1B /* GoogLeNetPlaces.mlmodel in Sources */ = {isa = PBXBuildFile; fileRef = AA2A70A0253E407E0006DE1B /* GoogLeNetPlaces.mlmodel */; };
/* End PBXBuildFile section */

/* Begin PBXFileReference section */
		AA2A7087253E382D0006DE1B /* ReconocimientoImagenes.app */ = {isa = PBXFileReference; explicitFileType = wrapper.application; includeInIndex = 0; path = ReconocimientoImagenes.app; sourceTree = BUILT_PRODUCTS_DIR; };
		AA2A708A253E382D0006DE1B /* AppDelegate.swift */ = {isa = PBXFileReference; lastKnownFileType = sourcecode.swift; path = AppDelegate.swift; sourceTree = "<group>"; };
		AA2A708C253E382D0006DE1B /* SceneDelegate.swift */ = {isa = PBXFileReference; lastKnownFileType = sourcecode.swift; path = SceneDelegate.swift; sourceTree = "<group>"; };
		AA2A708E253E382D0006DE1B /* ViewController.swift */ = {isa = PBXFileReference; lastKnownFileType = sourcecode.swift; path = ViewController.swift; sourceTree = "<group>"; };
		AA2A7091253E382D0006DE1B /* Base */ = {isa = PBXFileReference; lastKnownFileType = file.storyboard; name = Base; path = Base.lproj/Main.storyboard; sourceTree = "<group>"; };
		AA2A7093253E38300006DE1B /* Assets.xcassets */ = {isa = PBXFileReference; lastKnownFileType = folder.assetcatalog; path = Assets.xcassets; sourceTree = "<group>"; };
		AA2A7096253E38300006DE1B /* Base */ = {isa = PBXFileReference; lastKnownFileType = file.storyboard; name = Base; path = Base.lproj/LaunchScreen.storyboard; sourceTree = "<group>"; };
		AA2A7098253E38300006DE1B /* Info.plist */ = {isa = PBXFileReference; lastKnownFileType = text.plist.xml; path = Info.plist; sourceTree = "<group>"; };
		AA2A70A0253E407E0006DE1B /* GoogLeNetPlaces.mlmodel */ = {isa = PBXFileReference; lastKnownFileType = file.mlmodel; path = GoogLeNetPlaces.mlmodel; sourceTree = "<group>"; };
/* End PBXFileReference section */

/* Begin PBXFrameworksBuildPhase section */
		AA2A7084253E382D0006DE1B /* Frameworks */ = {
			isa = PBXFrameworksBuildPhase;
			buildActionMask = 2147483647;
			files = (
			);
			runOnlyForDeploymentPostprocessing = 0;
		};
/* End PBXFrameworksBuildPhase section */

/* Begin PBXGroup section */
		AA2A707E253E382D0006DE1B = {
			isa = PBXGroup;
			children = (
				AA2A7089253E382D0006DE1B /* ReconocimientoImagenes */,
				AA2A7088253E382D0006DE1B /* Products */,
			);
			sourceTree = "<group>";
		};
		AA2A7088253E382D0006DE1B /* Products */ = {
			isa = PBXGroup;
			children = (
				AA2A7087253E382D0006DE1B /* ReconocimientoImagenes.app */,
			);
			name = Products;
			sourceTree = "<group>";
		};
		AA2A7089253E382D0006DE1B /* ReconocimientoImagenes */ = {
			isa = PBXGroup;
			children = (
				AA2A708A253E382D0006DE1B /* AppDelegate.swift */,
				AA2A708C253E382D0006DE1B /* SceneDelegate.swift */,
				AA2A708E253E382D0006DE1B /* ViewController.swift */,
				AA2A7090253E382D0006DE1B /* Main.storyboard */,
				AA2A7093253E38300006DE1B /* Assets.xcassets */,
				AA2A7095253E38300006DE1B /* LaunchScreen.storyboard */,
				AA2A7098253E38300006DE1B /* Info.plist */,
				AA2A70A0253E407E0006DE1B /* GoogLeNetPlaces.mlmodel */,
			);
			path = ReconocimientoImagenes;
			sourceTree = "<group>";
		};
/* End PBXGroup section */

/* Begin PBXNativeTarget section */
		AA2A7086253E382D0006DE1B /* ReconocimientoImagenes */ = {
			isa = PBXNativeTarget;
			buildConfigurationList = AA2A709B253E38300006DE1B /* Build configuration list for PBXNativeTarget "ReconocimientoImagenes" */;
			buildPhases = (
				AA2A7083253E382D0006DE1B /* Sources */,
				AA2A7084253E382D0006DE1B /* Frameworks */,
				AA2A7085253E382D0006DE1B /* Resources */,
			);
			buildRules = (
			);
			dependencies = (
			);
			name = ReconocimientoImagenes;
			productName = ReconocimientoImagenes;
			productReference = AA2A7087253E382D0006DE1B /* ReconocimientoImagenes.app */;
			productType = "com.apple.product-type.application";
		};
/* End PBXNativeTarget section */

/* Begin PBXProject section */
		AA2A707F253E382D0006DE1B /* Project object */ = {
			isa = PBXProject;
			attributes = {
				LastSwiftUpdateCheck = 1170;
				LastUpgradeCheck = 1170;
				ORGANIZATIONNAME = Erwin;
				TargetAttributes = {
					AA2A7086253E382D0006DE1B = {
						CreatedOnToolsVersion = 11.7;
					};
				};
			};
			buildConfigurationList = AA2A7082253E382D0006DE1B /* Build configuration list for PBXProject "ReconocimientoImagenes" */;
			compatibilityVersion = "Xcode 9.3";
			developmentRegion = en;
			hasScannedForEncodings = 0;
			knownRegions = (
				en,
				Base,
			);
			mainGroup = AA2A707E253E382D0006DE1B;
			productRefGroup = AA2A7088253E382D0006DE1B /* Products */;
			projectDirPath = "";
			projectRoot = "";
			targets = (
				AA2A7086253E382D0006DE1B /* ReconocimientoImagenes */,
			);
		};
/* End PBXProject section */

/* Begin PBXResourcesBuildPhase section */
		AA2A7085253E382D0006DE1B /* Resources */ = {
			isa = PBXResourcesBuildPhase;
			buildActionMask = 2147483647;
			files = (
				AA2A7097253E38300006DE1B /* LaunchScreen.storyboard in Resources */,
				AA2A7094253E38300006DE1B /* Assets.xcassets in Resources */,
				AA2A7092253E382D0006DE1B /* Main.storyboard in Resources */,
			);
			runOnlyForDeploymentPostprocessing = 0;
		};
/* End PBXResourcesBuildPhase section */

/* Begin PBXSourcesBuildPhase section */
		AA2A7083253E382D0006DE1B /* Sources */ = {
			isa = PBXSourcesBuildPhase;
			buildActionMask = 2147483647;
			files = (
				AA2A708F253E382D0006DE1B /* ViewController.swift in Sources */,
				AA2A708B253E382D0006DE1B /* AppDelegate.swift in Sources */,
				AA2A708D253E382D0006DE1B /* SceneDelegate.swift in Sources */,
				AA2A70A1253E407E0006DE1B /* GoogLeNetPlaces.mlmodel in Sources */,
			);
			runOnlyForDeploymentPostprocessing = 0;
		};
/* End PBXSourcesBuildPhase section */

/* Begin PBXVariantGroup section */
		AA2A7090253E382D0006DE1B /* Main.storyboard */ = {
			isa = PBXVariantGroup;
			children = (
				AA2A7091253E382D0006DE1B /* Base */,
			);
			name = Main.storyboard;
			sourceTree = "<group>";
		};
		AA2A7095253E38300006DE1B /* LaunchScreen.storyboard */ = {
			isa = PBXVariantGroup;
			children = (
				AA2A7096253E38300006DE1B /* Base */,
			);
			name = LaunchScreen.storyboard;
			sourceTree = "<group>";
		};
/* End PBXVariantGroup section */

/* Begin XCBuildConfiguration section */
		AA2A7099253E38300006DE1B /* Debug */ = {
			isa = XCBuildConfiguration;
			buildSettings = {
				ALWAYS_SEARCH_USER_PATHS = NO;
				CLANG_ANALYZER_NONNULL = YES;
				CLANG_ANALYZER_NUMBER_OBJECT_CONVERSION = YES_AGGRESSIVE;
				CLANG_CXX_LANGUAGE_STANDARD = "gnu++14";
				CLANG_CXX_LIBRARY = "libc++";
				CLANG_ENABLE_MODULES = YES;
				CLANG_ENABLE_OBJC_ARC = YES;
				CLANG_ENABLE_OBJC_WEAK = YES;
				CLANG_WARN_BLOCK_CAPTURE_AUTORELEASING = YES;
				CLANG_WARN_BOOL_CONVERSION = YES;
				CLANG_WARN_COMMA = YES;
				CLANG_WARN_CONSTANT_CONVERSION = YES;
				CLANG_WARN_DEPRECATED_OBJC_IMPLEMENTATIONS = YES;
				CLANG_WARN_DIRECT_OBJC_ISA_USAGE = YES_ERROR;
				CLANG_WARN_DOCUMENTATION_COMMENTS = YES;
				CLANG_WARN_EMPTY_BODY = YES;
				CLANG_WARN_ENUM_CONVERSION = YES;
				CLANG_WARN_INFINITE_RECURSION = YES;
				CLANG_WARN_INT_CONVERSION = YES;
				CLANG_WARN_NON_LITERAL_NULL_CONVERSION = YES;
				CLANG_WARN_OBJC_IMPLICIT_RETAIN_SELF = YES;
				CLANG_WARN_OBJC_LITERAL_CONVERSION = YES;
				CLANG_WARN_OBJC_ROOT_CLASS = YES_ERROR;
				CLANG_WARN_RANGE_LOOP_ANALYSIS = YES;
				CLANG_WARN_STRICT_PROTOTYPES = YES;
				CLANG_WARN_SUSPICIOUS_MOVE = YES;
				CLANG_WARN_UNGUARDED_AVAILABILITY = YES_AGGRESSIVE;
				CLANG_WARN_UNREACHABLE_CODE = YES;
				CLANG_WARN__DUPLICATE_METHOD_MATCH = YES;
				COPY_PHASE_STRIP = NO;
				DEBUG_INFORMATION_FORMAT = dwarf;
				ENABLE_STRICT_OBJC_MSGSEND = YES;
				ENABLE_TESTABILITY = YES;
				GCC_C_LANGUAGE_STANDARD = gnu11;
				GCC_DYNAMIC_NO_PIC = NO;
				GCC_NO_COMMON_BLOCKS = YES;
				GCC_OPTIMIZATION_LEVEL = 0;
				GCC_PREPROCESSOR_DEFINITIONS = (
					"DEBUG=1",
					"$(inherited)",
				);
				GCC_WARN_64_TO_32_BIT_CONVERSION = YES;
				GCC_WARN_ABOUT_RETURN_TYPE = YES_ERROR;
				GCC_WARN_UNDECLARED_SELECTOR = YES;
				GCC_WARN_UNINITIALIZED_AUTOS = YES_AGGRESSIVE;
				GCC_WARN_UNUSED_FUNCTION = YES;
				GCC_WARN_UNUSED_VARIABLE = YES;
				IPHONEOS_DEPLOYMENT_TARGET = 13.7;
				MTL_ENABLE_DEBUG_INFO = INCLUDE_SOURCE;
				MTL_FAST_MATH = YES;
				ONLY_ACTIVE_ARCH = YES;
				SDKROOT = iphoneos;
				SWIFT_ACTIVE_COMPILATION_CONDITIONS = DEBUG;
				SWIFT_OPTIMIZATION_LEVEL = "-Onone";
			};
			name = Debug;
		};
		AA2A709A253E38300006DE1B /* Release */ = {
			isa = XCBuildConfiguration;
			buildSettings = {
				ALWAYS_SEARCH_USER_PATHS = NO;
				CLANG_ANALYZER_NONNULL = YES;
				CLANG_ANALYZER_NUMBER_OBJECT_CONVERSION = YES_AGGRESSIVE;
				CLANG_CXX_LANGUAGE_STANDARD = "gnu++14";
				CLANG_CXX_LIBRARY = "libc++";
				CLANG_ENABLE_MODULES = YES;
				CLANG_ENABLE_OBJC_ARC = YES;
				CLANG_ENABLE_OBJC_WEAK = YES;
				CLANG_WARN_BLOCK_CAPTURE_AUTORELEASING = YES;
				CLANG_WARN_BOOL_CONVERSION = YES;
				CLANG_WARN_COMMA = YES;
				CLANG_WARN_CONSTANT_CONVERSION = YES;
				CLANG_WARN_DEPRECATED_OBJC_IMPLEMENTATIONS = YES;
				CLANG_WARN_DIRECT_OBJC_ISA_USAGE = YES_ERROR;
				CLANG_WARN_DOCUMENTATION_COMMENTS = YES;
				CLANG_WARN_EMPTY_BODY = YES;
				CLANG_WARN_ENUM_CONVERSION = YES;
				CLANG_WARN_INFINITE_RECURSION = YES;
				CLANG_WARN_INT_CONVERSION = YES;
				CLANG_WARN_NON_LITERAL_NULL_CONVERSION = YES;
				CLANG_WARN_OBJC_IMPLICIT_RETAIN_SELF = YES;
				CLANG_WARN_OBJC_LITERAL_CONVERSION = YES;
				CLANG_WARN_OBJC_ROOT_CLASS = YES_ERROR;
				CLANG_WARN_RANGE_LOOP_ANALYSIS = YES;
				CLANG_WARN_STRICT_PROTOTYPES = YES;
				CLANG_WARN_SUSPICIOUS_MOVE = YES;
				CLANG_WARN_UNGUARDED_AVAILABILITY = YES_AGGRESSIVE;
				CLANG_WARN_UNREACHABLE_CODE = YES;
				CLANG_WARN__DUPLICATE_METHOD_MATCH = YES;
				COPY_PHASE_STRIP = NO;
				DEBUG_INFORMATION_FORMAT = "dwarf-with-dsym";
				ENABLE_NS_ASSERTIONS = NO;
				ENABLE_STRICT_OBJC_MSGSEND = YES;
				GCC_C_LANGUAGE_STANDARD = gnu11;
				GCC_NO_COMMON_BLOCKS = YES;
				GCC_WARN_64_TO_32_BIT_CONVERSION = YES;
				GCC_WARN_ABOUT_RETURN_TYPE = YES_ERROR;
				GCC_WARN_UNDECLARED_SELECTOR = YES;
				GCC_WARN_UNINITIALIZED_AUTOS = YES_AGGRESSIVE;
				GCC_WARN_UNUSED_FUNCTION = YES;
				GCC_WARN_UNUSED_VARIABLE = YES;
				IPHONEOS_DEPLOYMENT_TARGET = 13.7;
				MTL_ENABLE_DEBUG_INFO = NO;
				MTL_FAST_MATH = YES;
				SDKROOT = iphoneos;
				SWIFT_COMPILATION_MODE = wholemodule;
				SWIFT_OPTIMIZATION_LEVEL = "-O";
				VALIDATE_PRODUCT = YES;
			};
			name = Release;
		};
		AA2A709C253E38300006DE1B /* Debug */ = {
			isa = XCBuildConfiguration;
			buildSettings = {
				ASSETCATALOG_COMPILER_APPICON_NAME = AppIcon;
				CODE_SIGN_STYLE = Automatic;
				DEVELOPMENT_TEAM = 5933M745D6;
				INFOPLIST_FILE = ReconocimientoImagenes/Info.plist;
				LD_RUNPATH_SEARCH_PATHS = (
					"$(inherited)",
					"@executable_path/Frameworks",
				);
				PRODUCT_BUNDLE_IDENTIFIER = com.bancoazteca.ReconocimientoImagenes;
				PRODUCT_NAME = "$(TARGET_NAME)";
				SWIFT_VERSION = 5.0;
				TARGETED_DEVICE_FAMILY = "1,2";
			};
			name = Debug;
		};
		AA2A709D253E38300006DE1B /* Release */ = {
			isa = XCBuildConfiguration;
			buildSettings = {
				ASSETCATALOG_COMPILER_APPICON_NAME = AppIcon;
				CODE_SIGN_STYLE = Automatic;
				DEVELOPMENT_TEAM = 5933M745D6;
				INFOPLIST_FILE = ReconocimientoImagenes/Info.plist;
				LD_RUNPATH_SEARCH_PATHS = (
					"$(inherited)",
					"@executable_path/Frameworks",
				);
				PRODUCT_BUNDLE_IDENTIFIER = com.bancoazteca.ReconocimientoImagenes;
				PRODUCT_NAME = "$(TARGET_NAME)";
				SWIFT_VERSION = 5.0;
				TARGETED_DEVICE_FAMILY = "1,2";
			};
			name = Release;
		};
/* End XCBuildConfiguration section */

/* Begin XCConfigurationList section */
		AA2A7082253E382D0006DE1B /* Build configuration list for PBXProject "ReconocimientoImagenes" */ = {
			isa = XCConfigurationList;
			buildConfigurations = (
				AA2A7099253E38300006DE1B /* Debug */,
				AA2A709A253E38300006DE1B /* Release */,
			);
			defaultConfigurationIsVisible = 0;
			defaultConfigurationName = Release;
		};
		AA2A709B253E38300006DE1B /* Build configuration list for PBXNativeTarget "ReconocimientoImagenes" */ = {
			isa = XCConfigurationList;
			buildConfigurations = (
				AA2A709C253E38300006DE1B /* Debug */,
				AA2A709D253E38300006DE1B /* Release */,
			);
			defaultConfigurationIsVisible = 0;
			defaultConfigurationName = Release;
		};
/* End XCConfigurationList section */
	};
	rootObject = AA2A707F253E382D0006DE1B /* Project object */;
}
